{
  "name": "jyn",
  "version": "1.0.0",
  "lockfileVersion": 2,
  "requires": true,
  "packages": {
    "": {
      "name": "jyn",
      "version": "1.0.0",
      "license": "ISC",
      "dependencies": {
        "@rqft/rust": "^1.0.22"
      }
    },
    "node_modules/@rqft/rust": {
      "version": "1.0.22",
      "resolved": "https://registry.npmjs.org/@rqft/rust/-/rust-1.0.22.tgz",
      "integrity": "sha512-u79CFSi+s8jp/RrihpYba97KPPHVDMmxXh8aPQTRxoTesXoR28RyzN8cE+nERZNZkhfH+JfdNCGF+hB8KuvY7Q=="
    }
  },
  "dependencies": {
    "@rqft/rust": {
      "version": "1.0.22",
      "resolved": "https://registry.npmjs.org/@rqft/rust/-/rust-1.0.22.tgz",
      "integrity": "sha512-u79CFSi+s8jp/RrihpYba97KPPHVDMmxXh8aPQTRxoTesXoR28RyzN8cE+nERZNZkhfH+JfdNCGF+hB8KuvY7Q=="
    }
  }
}
